<?xml version="1.0" encoding="utf-8"?>
<Project ToolsVersion="4.0" xmlns="http://schemas.microsoft.com/developer/msbuild/2003">
  <ItemGroup>
    <Filter Include="Source Files">
      <UniqueIdentifier>{ab88c9d9-2186-4eb6-94d4-2416ac2251d5}</UniqueIdentifier>
      <Extensions>cpp;c;cxx;rc;def;r;odl;idl;hpj;bat</Extensions>
    </Filter>
    <Filter Include="Header Files">
      <UniqueIdentifier>{3a8246a4-ef6e-4f85-b930-06153b7c6aa2}</UniqueIdentifier>
      <Extensions>h;hpp;hxx;hm;inl</Extensions>
    </Filter>
    <Filter Include="Resource Files">
      <UniqueIdentifier>{d0465f57-2aa0-4a31-b773-37041912a99d}</UniqueIdentifier>
      <Extensions>ico;cur;bmp;dlg;rc2;rct;bin;rgs;gif;jpg;jpeg;jpe</Extensions>
    </Filter>
  </ItemGroup>
  <ItemGroup>
    <ClCompile Include="ADOConn.cpp">
      <Filter>Source Files</Filter>
    </ClCompile>
    <ClCompile Include="Comm.cpp">
      <Filter>Source Files</Filter>
    </ClCompile>
    <ClCompile Include="Common.cpp">
      <Filter>Source Files</Filter>
    </ClCompile>
    <ClCompile Include="DataManageDlg.cpp">
      <Filter>Source Files</Filter>
    </ClCompile>
    <ClCompile Include="EvaluatorAnalysisDlg.cpp">
      <Filter>Source Files</Filter>
    </ClCompile>
    <ClCompile Include="EvluatorManageDlg.cpp">
      <Filter>Source Files</Filter>
    </ClCompile>
    <ClCompile Include="excel.cpp">
      <Filter>Source Files</Filter>
    </ClCompile>
    <ClCompile Include="font.cpp">
      <Filter>Source Files</Filter>
    </ClCompile>
    <ClCompile Include="iplotannotationx.cpp">
      <Filter>Source Files</Filter>
    </ClCompile>
    <ClCompile Include="iplotaxisx.cpp">
      <Filter>Source Files</Filter>
    </ClCompile>
    <ClCompile Include="iplotchannelx.cpp">
      <Filter>Source Files</Filter>
    </ClCompile>
    <ClCompile Include="iplotdatacursorx.cpp">
      <Filter>Source Files</Filter>
    </ClCompile>
    <ClCompile Include="iplotdataviewx.cpp">
      <Filter>Source Files</Filter>
    </ClCompile>
    <ClCompile Include="iplotlabelx.cpp">
      <Filter>Source Files</Filter>
    </ClCompile>
    <ClCompile Include="iplotlegendx.cpp">
      <Filter>Source Files</Filter>
    </ClCompile>
    <ClCompile Include="iplotlimitx.cpp">
      <Filter>Source Files</Filter>
    </ClCompile>
    <ClCompile Include="iplottablecolumnx.cpp">
      <Filter>Source Files</Filter>
    </ClCompile>
    <ClCompile Include="iplottablex.cpp">
      <Filter>Source Files</Filter>
    </ClCompile>
    <ClCompile Include="iplottoolbarx.cpp">
      <Filter>Source Files</Filter>
    </ClCompile>
    <ClCompile Include="iplotx.cpp">
      <Filter>Source Files</Filter>
    </ClCompile>
    <ClCompile Include="LinkEstimateDlg.cpp">
      <Filter>Source Files</Filter>
    </ClCompile>
    <ClCompile Include="LQ_Testbed.cpp">
      <Filter>Source Files</Filter>
    </ClCompile>
    <ClCompile Include="LQ_TestbedDlg.cpp">
      <Filter>Source Files</Filter>
    </ClCompile>
    <ClCompile Include="OptionDlg.cpp">
      <Filter>Source Files</Filter>
    </ClCompile>
    <ClCompile Include="picture.cpp">
      <Filter>Source Files</Filter>
    </ClCompile>
    <ClCompile Include="SceneConfigDlg.cpp">
      <Filter>Source Files</Filter>
    </ClCompile>
    <ClCompile Include="ServerComm.cpp">
      <Filter>Source Files</Filter>
    </ClCompile>
    <ClCompile Include="StdAfx.cpp">
      <Filter>Source Files</Filter>
    </ClCompile>
    <ClCompile Include="TestCustomDlg.cpp">
      <Filter>Source Files</Filter>
    </ClCompile>
    <ClCompile Include="TestResultDisplayDlg.cpp">
      <Filter>Source Files</Filter>
    </ClCompile>
    <ClCompile Include="PowerDLG.cpp">
      <Filter>Source Files</Filter>
    </ClCompile>
    <ClCompile Include="DisplayTopologyDlg.cpp">
      <Filter>Source Files</Filter>
    </ClCompile>
  </ItemGroup>
  <ItemGroup>
    <ResourceCompile Include="LQ_Testbed.rc">
      <Filter>Source Files</Filter>
    </ResourceCompile>
  </ItemGroup>
  <ItemGroup>
    <ClInclude Include="ADOConn.h">
      <Filter>Header Files</Filter>
    </ClInclude>
    <ClInclude Include="Comm.h">
      <Filter>Header Files</Filter>
    </ClInclude>
    <ClInclude Include="Common.h">
      <Filter>Header Files</Filter>
    </ClInclude>
    <ClInclude Include="DataManageDlg.h">
      <Filter>Header Files</Filter>
    </ClInclude>
    <ClInclude Include="EvaluatorAnalysisDlg.h">
      <Filter>Header Files</Filter>
    </ClInclude>
    <ClInclude Include="EvluatorManageDlg.h">
      <Filter>Header Files</Filter>
    </ClInclude>
    <ClInclude Include="excel.h">
      <Filter>Header Files</Filter>
    </ClInclude>
    <ClInclude Include="font.h">
      <Filter>Header Files</Filter>
    </ClInclude>
    <ClInclude Include="Global.h">
      <Filter>Header Files</Filter>
    </ClInclude>
    <ClInclude Include="HighResolutionTimer.h">
      <Filter>Header Files</Filter>
    </ClInclude>
    <ClInclude Include="iplotannotationx.h">
      <Filter>Header Files</Filter>
    </ClInclude>
    <ClInclude Include="iplotaxisx.h">
      <Filter>Header Files</Filter>
    </ClInclude>
    <ClInclude Include="iplotchannelx.h">
      <Filter>Header Files</Filter>
    </ClInclude>
    <ClInclude Include="iplotdatacursorx.h">
      <Filter>Header Files</Filter>
    </ClInclude>
    <ClInclude Include="iplotdataviewx.h">
      <Filter>Header Files</Filter>
    </ClInclude>
    <ClInclude Include="iplotlabelx.h">
      <Filter>Header Files</Filter>
    </ClInclude>
    <ClInclude Include="iplotlegendx.h">
      <Filter>Header Files</Filter>
    </ClInclude>
    <ClInclude Include="iplotlimitx.h">
      <Filter>Header Files</Filter>
    </ClInclude>
    <ClInclude Include="iplottablecolumnx.h">
      <Filter>Header Files</Filter>
    </ClInclude>
    <ClInclude Include="iplottablex.h">
      <Filter>Header Files</Filter>
    </ClInclude>
    <ClInclude Include="iplottoolbarx.h">
      <Filter>Header Files</Filter>
    </ClInclude>
    <ClInclude Include="iplotx.h">
      <Filter>Header Files</Filter>
    </ClInclude>
    <ClInclude Include="LinkEstimateDlg.h">
      <Filter>Header Files</Filter>
    </ClInclude>
    <ClInclude Include="LQ_Testbed.h">
      <Filter>Header Files</Filter>
    </ClInclude>
    <ClInclude Include="LQ_TestbedDlg.h">
      <Filter>Header Files</Filter>
    </ClInclude>
    <ClInclude Include="OptionDlg.h">
      <Filter>Header Files</Filter>
    </ClInclude>
    <ClInclude Include="picture.h">
      <Filter>Header Files</Filter>
    </ClInclude>
    <ClInclude Include="Protocol.h">
      <Filter>Header Files</Filter>
    </ClInclude>
    <ClInclude Include="Resource.h">
      <Filter>Header Files</Filter>
    </ClInclude>
    <ClInclude Include="SceneConfigDlg.h">
      <Filter>Header Files</Filter>
    </ClInclude>
    <ClInclude Include="ServerComm.h">
      <Filter>Header Files</Filter>
    </ClInclude>
    <ClInclude Include="StdAfx.h">
      <Filter>Header Files</Filter>
    </ClInclude>
    <ClInclude Include="TestCustomDlg.h">
      <Filter>Header Files</Filter>
    </ClInclude>
    <ClInclude Include="TestResultDisplayDlg.h">
      <Filter>Header Files</Filter>
    </ClInclude>
    <ClInclude Include="PowerDLG.h">
      <Filter>Header Files</Filter>
    </ClInclude>
    <ClInclude Include="DisplayTopologyDlg.h">
      <Filter>Header Files</Filter>
    </ClInclude>
  </ItemGroup>
  <ItemGroup>
    <Image Include="res\1定制方案.ico">
      <Filter>Resource Files</Filter>
    </Image>
    <Image Include="res\1节点管理.ico">
      <Filter>Resource Files</Filter>
    </Image>
    <Image Include="res\2定制方案.ico">
      <Filter>Resource Files</Filter>
    </Image>
    <Image Include="res\2结果显示.ico">
      <Filter>Resource Files</Filter>
    </Image>
    <Image Include="res\3结果显示.ico">
      <Filter>Resource Files</Filter>
    </Image>
    <Image Include="res\3开始测试.ico">
      <Filter>Resource Files</Filter>
    </Image>
    <Image Include="res\3链路评估.ico">
      <Filter>Resource Files</Filter>
    </Image>
    <Image Include="res\4结果显示.ico">
      <Filter>Resource Files</Filter>
    </Image>
    <Image Include="res\4开始测试.ico">
      <Filter>Resource Files</Filter>
    </Image>
    <Image Include="res\4链路评估.ico">
      <Filter>Resource Files</Filter>
    </Image>
    <Image Include="res\4链路预测.ico">
      <Filter>Resource Files</Filter>
    </Image>
    <Image Include="res\5查询结果.ico">
      <Filter>Resource Files</Filter>
    </Image>
    <Image Include="res\5链路评估.ico">
      <Filter>Resource Files</Filter>
    </Image>
    <Image Include="res\5链路预测.ico">
      <Filter>Resource Files</Filter>
    </Image>
    <Image Include="res\6查询结果1.ico">
      <Filter>Resource Files</Filter>
    </Image>
    <Image Include="res\6导出数据.ico">
      <Filter>Resource Files</Filter>
    </Image>
    <Image Include="res\6链路预测.ico">
      <Filter>Resource Files</Filter>
    </Image>
    <Image Include="res\7查询结果.ico">
      <Filter>Resource Files</Filter>
    </Image>
    <Image Include="res\7导出数据.ico">
      <Filter>Resource Files</Filter>
    </Image>
    <Image Include="res\8导出数据.ico">
      <Filter>Resource Files</Filter>
    </Image>
    <Image Include="res\9退出系统.ico">
      <Filter>Resource Files</Filter>
    </Image>
    <Image Include="res\bottom.bmp">
      <Filter>Resource Files</Filter>
    </Image>
    <Image Include="res\LQ_Testbed.ico">
      <Filter>Resource Files</Filter>
    </Image>
    <Image Include="res\ooopic_1452188916.bmp">
      <Filter>Resource Files</Filter>
    </Image>
    <Image Include="res\serial.bmp">
      <Filter>Resource Files</Filter>
    </Image>
  </ItemGroup>
  <ItemGroup>
    <Text Include="ReadMe.txt" />
  </ItemGroup>
  <ItemGroup>
    <CustomBuild Include="res\LQ_Testbed.rc2">
      <Filter>Resource Files</Filter>
    </CustomBuild>
  </ItemGroup>
</Project>